// !$*UTF8*$!
{
	archiveVersion = 1;
	classes = {
	};
	objectVersion = 46;
	objects = {

/* Begin PBXBuildFile section */
		A88B4D121B032F980040FD1C /* main.m in Sources */ = {isa = PBXBuildFile; fileRef = A88B4D111B032F980040FD1C /* main.m */; };
		A88B4D151B032F980040FD1C /* AppDelegate.m in Sources */ = {isa = PBXBuildFile; fileRef = A88B4D141B032F980040FD1C /* AppDelegate.m */; };
		A88B4D181B032F980040FD1C /* ViewController.m in Sources */ = {isa = PBXBuildFile; fileRef = A88B4D171B032F980040FD1C /* ViewController.m */; };
		A88B4D1D1B032F980040FD1C /* Images.xcassets in Resources */ = {isa = PBXBuildFile; fileRef = A88B4D1C1B032F980040FD1C /* Images.xcassets */; };
		A88B4D2C1B032F980040FD1C /* QRCodeTests.m in Sources */ = {isa = PBXBuildFile; fileRef = A88B4D2B1B032F980040FD1C /* QRCodeTests.m */; };
		A88B4D391B033F640040FD1C /* AVFoundation.framework in Frameworks */ = {isa = PBXBuildFile; fileRef = A88B4D381B033F640040FD1C /* AVFoundation.framework */; };
		A88B4D3C1B034C0B0040FD1C /* qrBg@2x.png in Resources */ = {isa = PBXBuildFile; fileRef = A88B4D3A1B034C0B0040FD1C /* qrBg@2x.png */; };
		A88B4D3D1B034C0B0040FD1C /* qrLine@2x.png in Resources */ = {isa = PBXBuildFile; fileRef = A88B4D3B1B034C0B0040FD1C /* qrLine@2x.png */; };
/* End PBXBuildFile section */

/* Begin PBXContainerItemProxy section */
		A88B4D261B032F980040FD1C /* PBXContainerItemProxy */ = {
			isa = PBXContainerItemProxy;
			containerPortal = A88B4D041B032F980040FD1C /* Project object */;
			proxyType = 1;
			remoteGlobalIDString = A88B4D0B1B032F980040FD1C;
			remoteInfo = QRCode;
		};
/* End PBXContainerItemProxy section */

/* Begin PBXFileReference section */
		A88B4D0C1B032F980040FD1C /* QRCode.app */ = {isa = PBXFileReference; explicitFileType = wrapper.application; includeInIndex = 0; path = QRCode.app; sourceTree = BUILT_PRODUCTS_DIR; };
		A88B4D101B032F980040FD1C /* Info.plist */ = {isa = PBXFileReference; lastKnownFileType = text.plist.xml; path = Info.plist; sourceTree = "<group>"; };
		A88B4D111B032F980040FD1C /* main.m */ = {isa = PBXFileReference; lastKnownFileType = sourcecode.c.objc; path = main.m; sourceTree = "<group>"; };
		A88B4D131B032F980040FD1C /* AppDelegate.h */ = {isa = PBXFileReference; lastKnownFileType = sourcecode.c.h; path = AppDelegate.h; sourceTree = "<group>"; };
		A88B4D141B032F980040FD1C /* AppDelegate.m */ = {isa = PBXFileReference; lastKnownFileType = sourcecode.c.objc; path = AppDelegate.m; sourceTree = "<group>"; };
		A88B4D161B032F980040FD1C /* ViewController.h */ = {isa = PBXFileReference; lastKnownFileType = sourcecode.c.h; path = ViewController.h; sourceTree = "<group>"; };
		A88B4D171B032F980040FD1C /* ViewController.m */ = {isa = PBXFileReference; lastKnownFileType = sourcecode.c.objc; path = ViewController.m; sourceTree = "<group>"; };
		A88B4D1C1B032F980040FD1C /* Images.xcassets */ = {isa = PBXFileReference; lastKnownFileType = folder.assetcatalog; path = Images.xcassets; sourceTree = "<group>"; };
		A88B4D251B032F980040FD1C /* QRCodeTests.xctest */ = {isa = PBXFileReference; explicitFileType = wrapper.cfbundle; includeInIndex = 0; path = QRCodeTests.xctest; sourceTree = BUILT_PRODUCTS_DIR; };
		A88B4D2A1B032F980040FD1C /* Info.plist */ = {isa = PBXFileReference; lastKnownFileType = text.plist.xml; path = Info.plist; sourceTree = "<group>"; };
		A88B4D2B1B032F980040FD1C /* QRCodeTests.m */ = {isa = PBXFileReference; lastKnownFileType = sourcecode.c.objc; path = QRCodeTests.m; sourceTree = "<group>"; };
		A88B4D381B033F640040FD1C /* AVFoundation.framework */ = {isa = PBXFileReference; lastKnownFileType = wrapper.framework; name = AVFoundation.framework; path = System/Library/Frameworks/AVFoundation.framework; sourceTree = SDKROOT; };
		A88B4D3A1B034C0B0040FD1C /* qrBg@2x.png */ = {isa = PBXFileReference; lastKnownFileType = image.png; path = "qrBg@2x.png"; sourceTree = "<group>"; };
		A88B4D3B1B034C0B0040FD1C /* qrLine@2x.png */ = {isa = PBXFileReference; lastKnownFileType = image.png; path = "qrLine@2x.png"; sourceTree = "<group>"; };
/* End PBXFileReference section */

/* Begin PBXFrameworksBuildPhase section */
		A88B4D091B032F980040FD1C /* Frameworks */ = {
			isa = PBXFrameworksBuildPhase;
			buildActionMask = 2147483647;
			files = (
				A88B4D391B033F640040FD1C /* AVFoundation.framework in Frameworks */,
			);
			runOnlyForDeploymentPostprocessing = 0;
		};
		A88B4D221B032F980040FD1C /* Frameworks */ = {
			isa = PBXFrameworksBuildPhase;
			buildActionMask = 2147483647;
			files = (
			);
			runOnlyForDeploymentPostprocessing = 0;
		};
/* End PBXFrameworksBuildPhase section */

/* Begin PBXGroup section */
		A88B4D031B032F980040FD1C = {
			isa = PBXGroup;
			children = (
				A88B4D381B033F640040FD1C /* AVFoundation.framework */,
				A88B4D0E1B032F980040FD1C /* QRCode */,
				A88B4D281B032F980040FD1C /* QRCodeTests */,
				A88B4D0D1B032F980040FD1C /* Products */,
			);
			sourceTree = "<group>";
		};
		A88B4D0D1B032F980040FD1C /* Products */ = {
			isa = PBXGroup;
			children = (
				A88B4D0C1B032F980040FD1C /* QRCode.app */,
				A88B4D251B032F980040FD1C /* QRCodeTests.xctest */,
			);
			name = Products;
			sourceTree = "<group>";
		};
		A88B4D0E1B032F980040FD1C /* QRCode */ = {
			isa = PBXGroup;
			children = (
				A88B4D3A1B034C0B0040FD1C /* qrBg@2x.png */,
				A88B4D3B1B034C0B0040FD1C /* qrLine@2x.png */,
				A88B4D131B032F980040FD1C /* AppDelegate.h */,
				A88B4D141B032F980040FD1C /* AppDelegate.m */,
				A88B4D161B032F980040FD1C /* ViewController.h */,
				A88B4D171B032F980040FD1C /* ViewController.m */,
				A88B4D1C1B032F980040FD1C /* Images.xcassets */,
				A88B4D0F1B032F980040FD1C /* Supporting Files */,
			);
			path = QRCode;
			sourceTree = "<group>";
		};
		A88B4D0F1B032F980040FD1C /* Supporting Files */ = {
			isa = PBXGroup;
			children = (
				A88B4D101B032F980040FD1C /* Info.plist */,
				A88B4D111B032F980040FD1C /* main.m */,
			);
			name = "Supporting Files";
			sourceTree = "<group>";
		};
		A88B4D281B032F980040FD1C /* QRCodeTests */ = {
			isa = PBXGroup;
			children = (
				A88B4D2B1B032F980040FD1C /* QRCodeTests.m */,
				A88B4D291B032F980040FD1C /* Supporting Files */,
			);
			path = QRCodeTests;
			sourceTree = "<group>";
		};
		A88B4D291B032F980040FD1C /* Supporting Files */ = {
			isa = PBXGroup;
			children = (
				A88B4D2A1B032F980040FD1C /* Info.plist */,
			);
			name = "Supporting Files";
			sourceTree = "<group>";
		};
/* End PBXGroup section */

/* Begin PBXNativeTarget section */
		A88B4D0B1B032F980040FD1C /* QRCode */ = {
			isa = PBXNativeTarget;
			buildConfigurationList = A88B4D2F1B032F980040FD1C /* Build configuration list for PBXNativeTarget "QRCode" */;
			buildPhases = (
				A88B4D081B032F980040FD1C /* Sources */,
				A88B4D091B032F980040FD1C /* Frameworks */,
				A88B4D0A1B032F980040FD1C /* Resources */,
			);
			buildRules = (
			);
			dependencies = (
			);
			name = QRCode;
			productName = QRCode;
			productReference = A88B4D0C1B032F980040FD1C /* QRCode.app */;
			productType = "com.apple.product-type.application";
		};
		A88B4D241B032F980040FD1C /* QRCodeTests */ = {
			isa = PBXNativeTarget;
			buildConfigurationList = A88B4D321B032F980040FD1C /* Build configuration list for PBXNativeTarget "QRCodeTests" */;
			buildPhases = (
				A88B4D211B032F980040FD1C /* Sources */,
				A88B4D221B032F980040FD1C /* Frameworks */,
				A88B4D231B032F980040FD1C /* Resources */,
			);
			buildRules = (
			);
			dependencies = (
				A88B4D271B032F980040FD1C /* PBXTargetDependency */,
			);
			name = QRCodeTests;
			productName = QRCodeTests;
			productReference = A88B4D251B032F980040FD1C /* QRCodeTests.xctest */;
			productType = "com.apple.product-type.bundle.unit-test";
		};
/* End PBXNativeTarget section */

/* Begin PBXProject section */
		A88B4D041B032F980040FD1C /* Project object */ = {
			isa = PBXProject;
			attributes = {
				LastUpgradeCheck = 0620;
				ORGANIZATIONNAME = HYZ;
				TargetAttributes = {
					A88B4D0B1B032F980040FD1C = {
						CreatedOnToolsVersion = 6.2;
					};
					A88B4D241B032F980040FD1C = {
						CreatedOnToolsVersion = 6.2;
						TestTargetID = A88B4D0B1B032F980040FD1C;
					};
				};
			};
			buildConfigurationList = A88B4D071B032F980040FD1C /* Build configuration list for PBXProject "QRCode" */;
			compatibilityVersion = "Xcode 3.2";
			developmentRegion = English;
			hasScannedForEncodings = 0;
			knownRegions = (
				en,
				Base,
			);
			mainGroup = A88B4D031B032F980040FD1C;
			productRefGroup = A88B4D0D1B032F980040FD1C /* Products */;
			projectDirPath = "";
			projectRoot = "";
			targets = (
				A88B4D0B1B032F980040FD1C /* QRCode */,
				A88B4D241B032F980040FD1C /* QRCodeTests */,
			);
		};
/* End PBXProject section */

/* Begin PBXResourcesBuildPhase section */
		A88B4D0A1B032F980040FD1C /* Resources */ = {
			isa = PBXResourcesBuildPhase;
			buildActionMask = 2147483647;
			files = (
				A88B4D3D1B034C0B0040FD1C /* qrLine@2x.png in Resources */,
				A88B4D1D1B032F980040FD1C /* Images.xcassets in Resources */,
				A88B4D3C1B034C0B0040FD1C /* qrBg@2x.png in Resources */,
			);
			runOnlyForDeploymentPostprocessing = 0;
		};
		A88B4D231B032F980040FD1C /* Resources */ = {
			isa = PBXResourcesBuildPhase;
			buildActionMask = 2147483647;
			files = (
			);
			runOnlyForDeploymentPostprocessing = 0;
		};
/* End PBXResourcesBuildPhase section */

/* Begin PBXSourcesBuildPhase section */
		A88B4D081B032F980040FD1C /* Sources */ = {
			isa = PBXSourcesBuildPhase;
			buildActionMask = 2147483647;
			files = (
				A88B4D181B032F980040FD1C /* ViewController.m in Sources */,
				A88B4D151B032F980040FD1C /* AppDelegate.m in Sources */,
				A88B4D121B032F980040FD1C /* main.m in Sources */,
			);
			runOnlyForDeploymentPostprocessing = 0;
		};
		A88B4D211B032F980040FD1C /* Sources */ = {
			isa = PBXSourcesBuildPhase;
			buildActionMask = 2147483647;
			files = (
				A88B4D2C1B032F980040FD1C /* QRCodeTests.m in Sources */,
			);
			runOnlyForDeploymentPostprocessing = 0;
		};
/* End PBXSourcesBuildPhase section */

/* Begin PBXTargetDependency section */
		A88B4D271B032F980040FD1C /* PBXTargetDependency */ = {
			isa = PBXTargetDependency;
			target = A88B4D0B1B032F980040FD1C /* QRCode */;
			targetProxy = A88B4D261B032F980040FD1C /* PBXContainerItemProxy */;
		};
/* End PBXTargetDependency section */

/* Begin XCBuildConfiguration section */
		A88B4D2D1B032F980040FD1C /* Debug */ = {
			isa = XCBuildConfiguration;
			buildSettings = {
				ALWAYS_SEARCH_USER_PATHS = NO;
				CLANG_CXX_LANGUAGE_STANDARD = "gnu++0x";
				CLANG_CXX_LIBRARY = "libc++";
				CLANG_ENABLE_MODULES = YES;
				CLANG_ENABLE_OBJC_ARC = YES;
				CLANG_WARN_BOOL_CONVERSION = YES;
				CLANG_WARN_CONSTANT_CONVERSION = YES;
				CLANG_WARN_DIRECT_OBJC_ISA_USAGE = YES_ERROR;
				CLANG_WARN_EMPTY_BODY = YES;
				CLANG_WARN_ENUM_CONVERSION = YES;
				CLANG_WARN_INT_CONVERSION = YES;
				CLANG_WARN_OBJC_ROOT_CLASS = YES_ERROR;
				CLANG_WARN_UNREACHABLE_CODE = YES;
				CLANG_WARN__DUPLICATE_METHOD_MATCH = YES;
				"CODE_SIGN_IDENTITY[sdk=iphoneos*]" = "iPhone Developer";
				COPY_PHASE_STRIP = NO;
				ENABLE_STRICT_OBJC_MSGSEND = YES;
				GCC_C_LANGUAGE_STANDARD = gnu99;
				GCC_DYNAMIC_NO_PIC = NO;
				GCC_OPTIMIZATION_LEVEL = 0;
				GCC_PREPROCESSOR_DEFINITIONS = (
					"DEBUG=1",
					"$(inherited)",
				);
				GCC_SYMBOLS_PRIVATE_EXTERN = NO;
				GCC_WARN_64_TO_32_BIT_CONVERSION = YES;
				GCC_WARN_ABOUT_RETURN_TYPE = YES_ERROR;
				GCC_WARN_UNDECLARED_SELECTOR = YES;
				GCC_WARN_UNINITIALIZED_AUTOS = YES_AGGRESSIVE;
				GCC_WARN_UNUSED_FUNCTION = YES;
				GCC_WARN_UNUSED_VARIABLE = YES;
				IPHONEOS_DEPLOYMENT_TARGET = 8.2;
				MTL_ENABLE_DEBUG_INFO = YES;
				ONLY_ACTIVE_ARCH = YES;
				SDKROOT = iphoneos;
			};
			name = Debug;
		};
		A88B4D2E1B032F980040FD1C /* Release */ = {
			isa = XCBuildConfiguration;
			buildSettings = {
				ALWAYS_SEARCH_USER_PATHS = NO;
				CLANG_CXX_LANGUAGE_STANDARD = "gnu++0x";
				CLANG_CXX_LIBRARY = "libc++";
				CLANG_ENABLE_MODULES = YES;
				CLANG_ENABLE_OBJC_ARC = YES;
				CLANG_WARN_BOOL_CONVERSION = YES;
				CLANG_WARN_CONSTANT_CONVERSION = YES;
				CLANG_WARN_DIRECT_OBJC_ISA_USAGE = YES_ERROR;
				CLANG_WARN_EMPTY_BODY = YES;
				CLANG_WARN_ENUM_CONVERSION = YES;
				CLANG_WARN_INT_CONVERSION = YES;
				CLANG_WARN_OBJC_ROOT_CLASS = YES_ERROR;
				CLANG_WARN_UNREACHABLE_CODE = YES;
				CLANG_WARN__DUPLICATE_METHOD_MATCH = YES;
				"CODE_SIGN_IDENTITY[sdk=iphoneos*]" = "iPhone Developer";
				COPY_PHASE_STRIP = NO;
				ENABLE_NS_ASSERTIONS = NO;
				ENABLE_STRICT_OBJC_MSGSEND = YES;
				GCC_C_LANGUAGE_STANDARD = gnu99;
				GCC_WARN_64_TO_32_BIT_CONVERSION = YES;
				GCC_WARN_ABOUT_RETURN_TYPE = YES_ERROR;
				GCC_WARN_UNDECLARED_SELECTOR = YES;
				GCC_WARN_UNINITIALIZED_AUTOS = YES_AGGRESSIVE;
				GCC_WARN_UNUSED_FUNCTION = YES;
				GCC_WARN_UNUSED_VARIABLE = YES;
				IPHONEOS_DEPLOYMENT_TARGET = 8.2;
				MTL_ENABLE_DEBUG_INFO = NO;
				SDKROOT = iphoneos;
				VALIDATE_PRODUCT = YES;
			};
			name = Release;
		};
		A88B4D301B032F980040FD1C /* Debug */ = {
			isa = XCBuildConfiguration;
			buildSettings = {
				ASSETCATALOG_COMPILER_APPICON_NAME = AppIcon;
				ASSETCATALOG_COMPILER_LAUNCHIMAGE_NAME = LaunchImage;
				INFOPLIST_FILE = QRCode/Info.plist;
				IPHONEOS_DEPLOYMENT_TARGET = 7.0;
				LD_RUNPATH_SEARCH_PATHS = "$(inherited) @executable_path/Frameworks";
				PRODUCT_NAME = "$(TARGET_NAME)";
			};
			name = Debug;
		};
		A88B4D311B032F980040FD1C /* Release */ = {
			isa = XCBuildConfiguration;
			buildSettings = {
				ASSETCATALOG_COMPILER_APPICON_NAME = AppIcon;
				ASSETCATALOG_COMPILER_LAUNCHIMAGE_NAME = LaunchImage;
				INFOPLIST_FILE = QRCode/Info.plist;
				IPHONEOS_DEPLOYMENT_TARGET = 7.0;
				LD_RUNPATH_SEARCH_PATHS = "$(inherited) @executable_path/Frameworks";
				PRODUCT_NAME = "$(TARGET_NAME)";
			};
			name = Release;
		};
		A88B4D331B032F980040FD1C /* Debug */ = {
			isa = XCBuildConfiguration;
			buildSettings = {
				BUNDLE_LOADER = "$(TEST_HOST)";
				FRAMEWORK_SEARCH_PATHS = (
					"$(SDKROOT)/Developer/Library/Frameworks",
					"$(inherited)",
				);
				GCC_PREPROCESSOR_DEFINITIONS = (
					"DEBUG=1",
					"$(inherited)",
				);
				INFOPLIST_FILE = QRCodeTests/Info.plist;
				LD_RUNPATH_SEARCH_PATHS = "$(inherited) @executable_path/Frameworks @loader_path/Frameworks";
				PRODUCT_NAME = "$(TARGET_NAME)";
				TEST_HOST = "$(BUILT_PRODUCTS_DIR)/QRCode.app/QRCode";
			};
			name = Debug;
		};
		A88B4D341B032F980040FD1C /* Release */ = {
			isa = XCBuildConfiguration;
			buildSettings = {
				BUNDLE_LOADER = "$(TEST_HOST)";
				FRAMEWORK_SEARCH_PATHS = (
					"$(SDKROOT)/Developer/Library/Frameworks",
					"$(inherited)",
				);
				INFOPLIST_FILE = QRCodeTests/Info.plist;
				LD_RUNPATH_SEARCH_PATHS = "$(inherited) @executable_path/Frameworks @loader_path/Frameworks";
				PRODUCT_NAME = "$(TARGET_NAME)";
				TEST_HOST = "$(BUILT_PRODUCTS_DIR)/QRCode.app/QRCode";
			};
			name = Release;
		};
/* End XCBuildConfiguration section */

/* Begin XCConfigurationList section */
		A88B4D071B032F980040FD1C /* Build configuration list for PBXProject "QRCode" */ = {
			isa = XCConfigurationList;
			buildConfigurations = (
				A88B4D2D1B032F980040FD1C /* Debug */,
				A88B4D2E1B032F980040FD1C /* Release */,
			);
			defaultConfigurationIsVisible = 0;
			defaultConfigurationName = Release;
		};
		A88B4D2F1B032F980040FD1C /* Build configuration list for PBXNativeTarget "QRCode" */ = {
			isa = XCConfigurationList;
			buildConfigurations = (
				A88B4D301B032F980040FD1C /* Debug */,
				A88B4D311B032F980040FD1C /* Release */,
			);
			defaultConfigurationIsVisible = 0;
			defaultConfigurationName = Release;
		};
		A88B4D321B032F980040FD1C /* Build configuration list for PBXNativeTarget "QRCodeTests" */ = {
			isa = XCConfigurationList;
			buildConfigurations = (
				A88B4D331B032F980040FD1C /* Debug */,
				A88B4D341B032F980040FD1C /* Release */,
			);
			defaultConfigurationIsVisible = 0;
			defaultConfigurationName = Release;
		};
/* End XCConfigurationList section */
	};
	rootObject = A88B4D041B032F980040FD1C /* Project object */;
}
